
Microsoft Visual Studio Solution File, Format Version 12.00
# Visual Studio Version 16
VisualStudioVersion = 16.0.30320.27
MinimumVisualStudioVersion = 10.0.40219.1
Project("{FAE04EC0-301F-11D3-BF4B-00C04F79EFBC}") = "UC5_WagePerMonth", "UC5_WagePerMonth\UC5_WagePerMonth.csproj", "{2C783C90-9B49-4EC2-9C5E-F9647D1C9A6E}"
EndProject
Global
	GlobalSection(SolutionConfigurationPlatforms) = preSolution
		Debug|Any CPU = Debug|Any CPU
		Release|Any CPU = Release|Any CPU
	EndGlobalSection
	GlobalSection(ProjectConfigurationPlatforms) = postSolution
		{2C783C90-9B49-4EC2-9C5E-F9647D1C9A6E}.Debug|Any CPU.ActiveCfg = Debug|Any CPU
		{2C783C90-9B49-4EC2-9C5E-F9647D1C9A6E}.Debug|Any CPU.Build.0 = Debug|Any CPU
		{2C783C90-9B49-4EC2-9C5E-F9647D1C9A6E}.Release|Any CPU.ActiveCfg = Release|Any CPU
		{2C783C90-9B49-4EC2-9C5E-F9647D1C9A6E}.Release|Any CPU.Build.0 = Release|Any CPU
	EndGlobalSection
	GlobalSection(SolutionProperties) = preSolution
		HideSolutionNode = FALSE
	EndGlobalSection
	GlobalSection(ExtensibilityGlobals) = postSolution
		SolutionGuid = {F0D0F688-F344-4483-BEBB-3B14102A4D3C}
	EndGlobalSection
EndGlobal
